
Microsoft Visual Studio Solution File, Format Version 12.00
# Visual Studio Version 17
VisualStudioVersion = 17.4.33110.190
MinimumVisualStudioVersion = 10.0.40219.1
Project("{9A19103F-16F7-4668-BE54-9A1E7A4F7556}") = "OIC-FK31", "OIC-FK31.csproj", "{C2E58F8D-F5C2-4958-BAEA-36265CC12D73}"
EndProject
Global
	GlobalSection(SolutionConfigurationPlatforms) = preSolution
		Debug|Any CPU = Debug|Any CPU
		Release|Any CPU = Release|Any CPU
	EndGlobalSection
	GlobalSection(ProjectConfigurationPlatforms) = postSolution
		{C2E58F8D-F5C2-4958-BAEA-36265CC12D73}.Debug|Any CPU.ActiveCfg = Debug|Any CPU
		{C2E58F8D-F5C2-4958-BAEA-36265CC12D73}.Debug|Any CPU.Build.0 = Debug|Any CPU
		{C2E58F8D-F5C2-4958-BAEA-36265CC12D73}.Release|Any CPU.ActiveCfg = Release|Any CPU
		{C2E58F8D-F5C2-4958-BAEA-36265CC12D73}.Release|Any CPU.Build.0 = Release|Any CPU
	EndGlobalSection
	GlobalSection(SolutionProperties) = preSolution
		HideSolutionNode = FALSE
	EndGlobalSection
	GlobalSection(ExtensibilityGlobals) = postSolution
		SolutionGuid = {BF6C4740-A853-4083-953B-1BE037FCFD15}
	EndGlobalSection
EndGlobal
